
Microsoft Visual Studio Solution File, Format Version 12.00
# Visual Studio Version 17
VisualStudioVersion = 17.11.35431.28
MinimumVisualStudioVersion = 10.0.40219.1
Project("{FAE04EC0-301F-11D3-BF4B-00C04F79EFBC}") = "ksis4", "ksis4.csproj", "{B7E14676-B144-4BFE-866D-EDCC141EB4DA}"
EndProject
Global
	GlobalSection(SolutionConfigurationPlatforms) = preSolution
		Debug|Any CPU = Debug|Any CPU
		Release|Any CPU = Release|Any CPU
	EndGlobalSection
	GlobalSection(ProjectConfigurationPlatforms) = postSolution
		{B7E14676-B144-4BFE-866D-EDCC141EB4DA}.Debug|Any CPU.ActiveCfg = Debug|Any CPU
		{B7E14676-B144-4BFE-866D-EDCC141EB4DA}.Debug|Any CPU.Build.0 = Debug|Any CPU
		{B7E14676-B144-4BFE-866D-EDCC141EB4DA}.Release|Any CPU.ActiveCfg = Release|Any CPU
		{B7E14676-B144-4BFE-866D-EDCC141EB4DA}.Release|Any CPU.Build.0 = Release|Any CPU
	EndGlobalSection
	GlobalSection(SolutionProperties) = preSolution
		HideSolutionNode = FALSE
	EndGlobalSection
	GlobalSection(ExtensibilityGlobals) = postSolution
		SolutionGuid = {499FA81D-69E5-4A84-A90C-133AD95D41C0}
	EndGlobalSection
EndGlobal
